
Microsoft Visual Studio Solution File, Format Version 12.00
# Visual Studio Version 17
VisualStudioVersion = 17.3.32929.385
MinimumVisualStudioVersion = 10.0.40219.1
Project("{9A19103F-16F7-4668-BE54-9A1E7A4F7556}") = "TrainingCsharpSeleniumHomework", "TrainingCsharpSeleniumHomework.csproj", "{8C96D521-CCAB-4FEA-98EB-53CE9A49FAEE}"
EndProject
Project("{9A19103F-16F7-4668-BE54-9A1E7A4F7556}") = "UtilitiesBase", "..\Base-TAF\UtilitiesBase\UtilitiesBase.csproj", "{1520F8EE-4CA5-4968-A821-459D77DD078E}"
EndProject
Project("{9A19103F-16F7-4668-BE54-9A1E7A4F7556}") = "PageObjectBase", "..\Base-TAF\PageObjectBase\PageObjectBase.csproj", "{A029D895-8A53-438B-A502-FD3C12379315}"
EndProject
Global
	GlobalSection(SolutionConfigurationPlatforms) = preSolution
		Debug|Any CPU = Debug|Any CPU
		Release|Any CPU = Release|Any CPU
	EndGlobalSection
	GlobalSection(ProjectConfigurationPlatforms) = postSolution
		{8C96D521-CCAB-4FEA-98EB-53CE9A49FAEE}.Debug|Any CPU.ActiveCfg = Debug|Any CPU
		{8C96D521-CCAB-4FEA-98EB-53CE9A49FAEE}.Debug|Any CPU.Build.0 = Debug|Any CPU
		{8C96D521-CCAB-4FEA-98EB-53CE9A49FAEE}.Release|Any CPU.ActiveCfg = Release|Any CPU
		{8C96D521-CCAB-4FEA-98EB-53CE9A49FAEE}.Release|Any CPU.Build.0 = Release|Any CPU
		{1520F8EE-4CA5-4968-A821-459D77DD078E}.Debug|Any CPU.ActiveCfg = Debug|Any CPU
		{1520F8EE-4CA5-4968-A821-459D77DD078E}.Debug|Any CPU.Build.0 = Debug|Any CPU
		{1520F8EE-4CA5-4968-A821-459D77DD078E}.Release|Any CPU.ActiveCfg = Release|Any CPU
		{1520F8EE-4CA5-4968-A821-459D77DD078E}.Release|Any CPU.Build.0 = Release|Any CPU
		{A029D895-8A53-438B-A502-FD3C12379315}.Debug|Any CPU.ActiveCfg = Debug|Any CPU
		{A029D895-8A53-438B-A502-FD3C12379315}.Debug|Any CPU.Build.0 = Debug|Any CPU
		{A029D895-8A53-438B-A502-FD3C12379315}.Release|Any CPU.ActiveCfg = Release|Any CPU
		{A029D895-8A53-438B-A502-FD3C12379315}.Release|Any CPU.Build.0 = Release|Any CPU
	EndGlobalSection
	GlobalSection(SolutionProperties) = preSolution
		HideSolutionNode = FALSE
	EndGlobalSection
	GlobalSection(ExtensibilityGlobals) = postSolution
		SolutionGuid = {63729CE9-4F09-4890-BACE-12FDDF8B14B1}
	EndGlobalSection
EndGlobal
